
Microsoft Visual Studio Solution File, Format Version 12.00
# Visual Studio Version 17
VisualStudioVersion = 17.4.33403.182
MinimumVisualStudioVersion = 10.0.40219.1
Project("{9A19103F-16F7-4668-BE54-9A1E7A4F7556}") = "League Account Manager", "League Account Manager\League Account Manager.csproj", "{AB73C52B-E84A-4315-A1D3-2ED00EF915B6}"
EndProject
Global
	GlobalSection(SolutionConfigurationPlatforms) = preSolution
		Debug|Any CPU = Debug|Any CPU
		Debug|x64 = Debug|x64
		Release|Any CPU = Release|Any CPU
		Release|x64 = Release|x64
	EndGlobalSection
	GlobalSection(ProjectConfigurationPlatforms) = postSolution
		{AB73C52B-E84A-4315-A1D3-2ED00EF915B6}.Debug|Any CPU.ActiveCfg = Debug|Any CPU
		{AB73C52B-E84A-4315-A1D3-2ED00EF915B6}.Debug|Any CPU.Build.0 = Debug|Any CPU
		{AB73C52B-E84A-4315-A1D3-2ED00EF915B6}.Debug|x64.ActiveCfg = Debug|x64
		{AB73C52B-E84A-4315-A1D3-2ED00EF915B6}.Debug|x64.Build.0 = Debug|x64
		{AB73C52B-E84A-4315-A1D3-2ED00EF915B6}.Release|Any CPU.ActiveCfg = Release|Any CPU
		{AB73C52B-E84A-4315-A1D3-2ED00EF915B6}.Release|Any CPU.Build.0 = Release|Any CPU
		{AB73C52B-E84A-4315-A1D3-2ED00EF915B6}.Release|x64.ActiveCfg = Release|x64
		{AB73C52B-E84A-4315-A1D3-2ED00EF915B6}.Release|x64.Build.0 = Release|x64
	EndGlobalSection
	GlobalSection(SolutionProperties) = preSolution
		HideSolutionNode = FALSE
	EndGlobalSection
	GlobalSection(ExtensibilityGlobals) = postSolution
		SolutionGuid = {234B7B0E-45A8-401E-8A74-EC06291D5AD2}
	EndGlobalSection
EndGlobal
